{
  "name": "clst",
  "version": "1.0.0",
  "lockfileVersion": 3,
  "requires": true,
  "packages": {
    "": {
      "name": "clst",
      "version": "1.0.0",
      "dependencies": {
        "react": "^18.2.0",
        "react-dom": "^18.2.0"
      },
      "devDependencies": {
        "@types/react": "^18.2.0",
        "@types/react-dom": "^18.2.0",
        "@vitejs/plugin-react": "^4.0.0",
        "typescript": "^5.0.0",
        "vite": "^4.3.0"
      }
    },
    "node_modules/react": {
      "version": "18.2.0",
      "resolved": "https://registry.npmjs.org/react/-/react-18.2.0.tgz",
      "integrity": "sha512-/3IjMdb2L9QbBdWiW5e3P2/npwMBaU9mHCSCUzNln0ZCYbcfTsGbTJrU/kGemdH2IWmB2ioZ+zkxtmq6g09fGQ==",
      "dependencies": {
        "loose-envify": "^1.1.0"
      },
      "engines": {
        "node": ">=0.10.0"
      }
    },
    "node_modules/react-dom": {
      "version": "18.2.0",
      "resolved": "https://registry.npmjs.org/react-dom/-/react-dom-18.2.0.tgz",
      "integrity": "sha512-6IMTriUmvsjHUjNtEDudZfuDQUoWXVxKHhlEGSk81n4YFS+r/Kl99wXiwlVXtPBtJenozv2P+hxDsw9eA7Xo6g==",
      "dependencies": {
        "loose-envify": "^1.1.0",
        "scheduler": "^0.23.0"
      },
      "peerDependencies": {
        "react": "^18.2.0"
      }
    },
    "node_modules/loose-envify": {
      "version": "1.4.0",
      "resolved": "https://registry.npmjs.org/loose-envify/-/loose-envify-1.4.0.tgz",
      "integrity": "sha512-lyuxPGr/Wfhrlem2CL/UcnUc1zcqKAImBDzukY7Y5F/yQiNdko6+fRLevlw1HgMySw7f611UIY408EtxRSoK3Q==",
      "dependencies": {
        "js-tokens": "^3.0.0 || ^4.0.0"
      },
      "bin": {
        "loose-envify": "cli.js"
      }
    },
    "node_modules/js-tokens": {
      "version": "4.0.0",
      "resolved": "https://registry.npmjs.org/js-tokens/-/js-tokens-4.0.0.tgz",
      "integrity": "sha512-RdJUflcE3cUzKiMqQgsCu06FPu9UdIJO0beYbPhHN4k6apgJtifcoCtT9bcxOpYBtpD2kCM6Sbzg4CausW/PKQ=="
    },
    "node_modules/scheduler": {
      "version": "0.23.0",
      "resolved": "https://registry.npmjs.org/scheduler/-/scheduler-0.23.0.tgz",
      "integrity": "sha512-CtuThmgHNg7zIZWAXi3AsyIzA3n4xx7aNyjwC2VJldO2LMVDhFK+63xGqq6CsJH4rTAt6/M+N4GhZiDYPx9eUw==",
      "dependencies": {
        "loose-envify": "^1.1.0"
      }
    },
    "node_modules/@types/react": {
      "version": "18.2.79",
      "resolved": "https://registry.npmjs.org/@types/react/-/react-18.2.79.tgz",
      "integrity": "sha512-RwGAGXPl9kSXwdNTafkOEuFrTBD5SA2B3iEB96xi8+xu5ddUa/cpvyVCSNn+asgLCTHkb5ZxN8gbuibYJi4s1w==",
      "dev": true,
      "dependencies": {
        "@types/prop-types": "*",
        "csstype": "^3.0.2"
      }
    },
    "node_modules/@types/react-dom": {
      "version": "18.2.25",
      "resolved": "https://registry.npmjs.org/@types/react-dom/-/react-dom-18.2.25.tgz",
      "integrity": "sha512-o/V48vf4MQh7juIKZU2QGDfli6p1+OOi5oXx36Hffpc9adsHeXjVp8rHuPkjd8VT8sOJ2Zp05HR7CdpGTIUFUA==",
      "dev": true,
      "dependencies": {
        "@types/react": "*"
      }
    },
    "node_modules/@types/prop-types": {
      "version": "15.7.12",
      "resolved": "https://registry.npmjs.org/@types/prop-types/-/prop-types-15.7.12.tgz",
      "integrity": "sha512-5zvhXYtRNRluoE/jAp4GVsSduVUzNWKkOZrCDBWYtE7biZywwdC2AcEzg+cSMLFRfVgeAFqpfNabiPjxFddV1Q==",
      "dev": true
    },
    "node_modules/csstype": {
      "version": "3.1.3",
      "resolved": "https://registry.npmjs.org/csstype/-/csstype-3.1.3.tgz",
      "integrity": "sha512-M1uQkMl8rQK/szD0LNhtqxIPLpimGm8sOBwU7lLnCpSbTyY3yeU1Vc7l4KT5zT4s/yOxHH5O7tIuuLOCnLADRw==",
      "dev": true
    },
    "node_modules/typescript": {
      "version": "5.4.5",
      "resolved": "https://registry.npmjs.org/typescript/-/typescript-5.4.5.tgz",
      "integrity": "sha512-vcI4UpRgg81oIRUFwR0WSIHKt11nJ7SAVlYNIu+QpqeyXP+gpQJy/Z4+F0aGxSE4MqwjyXvW/TzgkLAx2AGHwQ==",
      "dev": true,
      "bin": {
        "tsc": "bin/tsc",
        "tsserver": "bin/tsserver"
      },
      "engines": {
        "node": ">=14.17"
      }
    },
    "node_modules/@vitejs/plugin-react": {
      "version": "4.2.1",
      "resolved": "https://registry.npmjs.org/@vitejs/plugin-react/-/plugin-react-4.2.1.tgz",
      "integrity": "sha512-oojO9IDc4nCUUi8qIR11KoQm0XFFLIwsRBwHRR4d/88IWghn1y6ckz/bJ8GHDCsYEJee8mDzqtJxh15/cisJNQ==",
      "dev": true,
      "dependencies": {
        "@babel/core": "^7.23.5",
        "@babel/plugin-transform-react-jsx-self": "^7.23.3",
        "@babel/plugin-transform-react-jsx-source": "^7.23.3",
        "@types/babel__core": "^7.20.5",
        "react-refresh": "^0.14.0"
      },
      "engines": {
        "node": "^14.18.0 || >=16.0.0"
      },
      "peerDependencies": {
        "vite": "^4.2.0 || ^5.0.0"
      }
    },
    "node_modules/@babel/core": {
      "version": "7.24.5",
      "resolved": "https://registry.npmjs.org/@babel/core/-/core-7.24.5.tgz",
      "integrity": "sha512-tVQRucExLQ02Boi4vdPp49svNGcfL2GhdTCT9aldhXgCJVAI21EtRfBettiuLUwce/7r6bFdgs6JFkcdTiFttA==",
      "dev": true,
      "dependencies": {
        "@ampproject/remapping": "^2.2.0",
        "@babel/code-frame": "^7.24.2",
        "@babel/generator": "^7.24.5",
        "@babel/helper-compilation-targets": "^7.23.6",
        "@babel/helper-module-transforms": "^7.24.5",
        "@babel/helpers": "^7.24.5",
        "@babel/parser": "^7.24.5",
        "@babel/template": "^7.24.0",
        "@babel/traverse": "^7.24.5",
        "@babel/types": "^7.24.5",
        "convert-source-map": "^2.0.0",
        "debug": "^4.1.0",
        "gensync": "^1.0.0-beta.2",
        "json5": "^2.2.3",
        "semver": "^6.3.1"
      },
      "engines": {
        "node": ">=6.9.0"
      }
    },
    "node_modules/vite": {
      "version": "4.5.3",
      "resolved": "https://registry.npmjs.org/vite/-/vite-4.5.3.tgz",
      "integrity": "sha512-+2zsl1xftUJJfqT+VMRVvPi8JZ0RrRgvGGd0NoMCH3dQEYkUocpPmxr5dTSwBuSl9+7PX9qQnrsmvBgJVNgBhw==",
      "dev": true,
      "dependencies": {
        "esbuild": "^0.18.10",
        "postcss": "^8.4.27",
        "rollup": "^3.27.1"
      },
      "bin": {
        "vite": "bin/vite.js"
      },
      "engines": {
        "node": "^14.18.0 || >=16.0.0"
      },
      "optionalDependencies": {
        "fsevents": "~2.3.2"
      }
    }
  }
}
